// !$*UTF8*$!
{
	archiveVersion = 1;
	classes = {
	};
	objectVersion = 60;
	objects = {

/* Begin PBXBuildFile section */
		02809F4E5BDBE039940D5536 /* DGCharts.framework in Embed Frameworks */ = {isa = PBXBuildFile; fileRef = B8AD5134BEDDDC2D1FFFDD6F /* DGCharts.framework */; settings = {ATTRIBUTES = (CodeSignOnCopy, RemoveHeadersOnCopy, ); }; };
		13B802C95323D3CF5E5E22C3 /* BaseStatTableViewCell.swift in Sources */ = {isa = PBXBuildFile; fileRef = 872B923F57CA37ED1B79B28E /* BaseStatTableViewCell.swift */; };
		1F823D1C5CEB3138FA105EEE /* FavoriteTableViewCell.swift in Sources */ = {isa = PBXBuildFile; fileRef = 63A51A3F46D0864A1F19D0DE /* FavoriteTableViewCell.swift */; };
		20B73511DBFAAC69CF42C6FD /* AboutCellModel.swift in Sources */ = {isa = PBXBuildFile; fileRef = 8308754F7309580A6097AC56 /* AboutCellModel.swift */; };
		2215DD77324049ACFC618E58 /* MainTabBarController.swift in Sources */ = {isa = PBXBuildFile; fileRef = FEBD907DC766CB43AC459A80 /* MainTabBarController.swift */; };
		22B51CE7B7F43C0632115BDD /* ViewDataConverter.swift in Sources */ = {isa = PBXBuildFile; fileRef = 1422E3CBBF7A97F650D90712 /* ViewDataConverter.swift */; };
		24C91E507283FB17984C1BFB /* DetailPokemonRouter.swift in Sources */ = {isa = PBXBuildFile; fileRef = 45B01686D5E12A3D92233D03 /* DetailPokemonRouter.swift */; };
		26527DE8A843CB08BF1468E9 /* RealmSwift.framework in Embed Frameworks */ = {isa = PBXBuildFile; fileRef = A1E88A1DCE3DFEFDE7C7B2E4 /* RealmSwift.framework */; settings = {ATTRIBUTES = (CodeSignOnCopy, RemoveHeadersOnCopy, ); }; };
		27B7F8DE07331B045F8B5311 /* SDWebImage.framework in Frameworks */ = {isa = PBXBuildFile; fileRef = 9D0670559AB8393306AC35DD /* SDWebImage.framework */; };
		286F44F46646356CAC3ABDCA /* PokepediaCore.framework in Frameworks */ = {isa = PBXBuildFile; fileRef = 6ADE58E3B856B8D9210BC417 /* PokepediaCore.framework */; };
		2EFAB67FC7B41712E6EFCF3A /* loading.json in Resources */ = {isa = PBXBuildFile; fileRef = DA3871F89C6EB5985DE54C83 /* loading.json */; };
		3443B7165AE694AB553AD9FB /* PokepediaPokemon.framework in Frameworks */ = {isa = PBXBuildFile; fileRef = CC2CE99C2401C2F645327831 /* PokepediaPokemon.framework */; };
		36F8B8D1EA0D4F270059F3BB /* MovesSubViewController.swift in Sources */ = {isa = PBXBuildFile; fileRef = 3EFB1D5D17FB5AC92438B102 /* MovesSubViewController.swift */; };
		3CAF35FB51DB58D75C108D67 /* FavoriteViewController.swift in Sources */ = {isa = PBXBuildFile; fileRef = C698A06AB6DDD802E6972E30 /* FavoriteViewController.swift */; };
		46E72BB4B473E03B9FCBD772 /* RxSwift.framework in Embed Frameworks */ = {isa = PBXBuildFile; fileRef = A15D6DCAD3FDA0F0CDCAEB2C /* RxSwift.framework */; settings = {ATTRIBUTES = (CodeSignOnCopy, RemoveHeadersOnCopy, ); }; };
		488B516CED554A0834AF6B46 /* MovesTableViewCell.swift in Sources */ = {isa = PBXBuildFile; fileRef = 0EEE2CD4CFBD60C13F791B40 /* MovesTableViewCell.swift */; };
		505F9997B3C08FD7079C974E /* DGCharts.framework in Frameworks */ = {isa = PBXBuildFile; fileRef = B8AD5134BEDDDC2D1FFFDD6F /* DGCharts.framework */; };
		55E76986EE480E744D4BEB88 /* Realm.framework in Embed Frameworks */ = {isa = PBXBuildFile; fileRef = 1DEB688C1FCEC502B6392431 /* Realm.framework */; settings = {ATTRIBUTES = (CodeSignOnCopy, RemoveHeadersOnCopy, ); }; };
		598D3D4EE211D790E0596612 /* ProfilePresenter.swift in Sources */ = {isa = PBXBuildFile; fileRef = 279A56A62593DE118682681A /* ProfilePresenter.swift */; };
		59F6E351012CBEF91D2CC998 /* Realm.framework in Frameworks */ = {isa = PBXBuildFile; fileRef = 1DEB688C1FCEC502B6392431 /* Realm.framework */; };
		608C40B895590D465F41EAB2 /* TuistBundle+Pokepedia.swift in Sources */ = {isa = PBXBuildFile; fileRef = 719EC1B51380A14440A1176D /* TuistBundle+Pokepedia.swift */; };
		6536F2D9BBAECB4F4D5F45DB /* ProfileViewController.swift in Sources */ = {isa = PBXBuildFile; fileRef = E9817A31F8BC84D3F5118B14 /* ProfileViewController.swift */; };
		6A5F2959319DE03114EA16FF /* PokepediaCommon_PokepediaCommon.bundle in Resources */ = {isa = PBXBuildFile; fileRef = EF02EFDEB006F6838795EF03 /* PokepediaCommon_PokepediaCommon.bundle */; };
		76A8F2043C0DE41004B5A542 /* HomeViewController.swift in Sources */ = {isa = PBXBuildFile; fileRef = 642A50B286EEE155A27344AC /* HomeViewController.swift */; };
		7AA288D7C3CDFBD6E91AAFC6 /* RxSwift.framework in Frameworks */ = {isa = PBXBuildFile; fileRef = A15D6DCAD3FDA0F0CDCAEB2C /* RxSwift.framework */; };
		7EA8E5505B2062B68207C736 /* Alamofire.framework in Embed Frameworks */ = {isa = PBXBuildFile; fileRef = 2EB1DD1D37D424E9D2419BEF /* Alamofire.framework */; settings = {ATTRIBUTES = (CodeSignOnCopy, RemoveHeadersOnCopy, ); }; };
		7EE793537D64B92265638CFB /* Injection.swift in Sources */ = {isa = PBXBuildFile; fileRef = C3DA6185F30FBE6780C15457 /* Injection.swift */; };
		890605C970F1A3376DCDA65A /* Alamofire.framework in Frameworks */ = {isa = PBXBuildFile; fileRef = 2EB1DD1D37D424E9D2419BEF /* Alamofire.framework */; };
		8B06A881BD017D51EA4DD011 /* ProfileRouter.swift in Sources */ = {isa = PBXBuildFile; fileRef = 78310266BFE7CCA94C4CAC72 /* ProfileRouter.swift */; };
		99BB2C1E6469DF3FA0DEFE66 /* AboutTableViewCell.swift in Sources */ = {isa = PBXBuildFile; fileRef = E8AB2B77387F79A48A0DD187 /* AboutTableViewCell.swift */; };
		9B83765E08621F5427065FD4 /* FavoritePokemonPresenter.swift in Sources */ = {isa = PBXBuildFile; fileRef = 951C45852F41DEB2DA260066 /* FavoritePokemonPresenter.swift */; };
		A271BA7457F1BCFFEB01DD49 /* PokepediaCommon_PokepediaCommon.bundle in Dependencies */ = {isa = PBXBuildFile; fileRef = EF02EFDEB006F6838795EF03 /* PokepediaCommon_PokepediaCommon.bundle */; };
		AA4C736F251C1BA8D8CAAFFA /* HomeRouter.swift in Sources */ = {isa = PBXBuildFile; fileRef = BE71E11ECAF9A1BCE3053298 /* HomeRouter.swift */; };
		AD1DD035C787725903A8BAC0 /* TuistAssets+Pokepedia.swift in Sources */ = {isa = PBXBuildFile; fileRef = DC77BDC0AE86BCD848FEF8C9 /* TuistAssets+Pokepedia.swift */; };
		AEB44CD79980E129A298512F /* AppDelegate.swift in Sources */ = {isa = PBXBuildFile; fileRef = B4CCDF70FA08198901DAF5BA /* AppDelegate.swift */; };
		AEF1A7375B276D0766BDC304 /* BaseStatSubViewController.swift in Sources */ = {isa = PBXBuildFile; fileRef = DD9425E3747E8816ECE5D8CF /* BaseStatSubViewController.swift */; };
		AF75ACEC5E608C5E9EECF630 /* SDWebImage_SDWebImage.bundle in Resources */ = {isa = PBXBuildFile; fileRef = 097588629C50DB2D9CB8FE40 /* SDWebImage_SDWebImage.bundle */; };
		B66165C5219B1C23462F22F7 /* RealmSwift.framework in Frameworks */ = {isa = PBXBuildFile; fileRef = A1E88A1DCE3DFEFDE7C7B2E4 /* RealmSwift.framework */; };
		BDDCEA35F9DB850256FA91B8 /* empty.json in Resources */ = {isa = PBXBuildFile; fileRef = 6C1CC78BDFA859FF789C34F2 /* empty.json */; };
		C49E3B91571F416072EFD31F /* PokepediaSpecies.framework in Frameworks */ = {isa = PBXBuildFile; fileRef = 65621A21EAB1EF01C2A070C5 /* PokepediaSpecies.framework */; };
		C7F4A981425C044AB804AE61 /* DetailPokemonViewController.swift in Sources */ = {isa = PBXBuildFile; fileRef = E94373171562E0D6EEE76B3F /* DetailPokemonViewController.swift */; };
		C8137C871C7098AA8543BAC7 /* PokepediaCommon.framework in Frameworks */ = {isa = PBXBuildFile; fileRef = BB55B6677743DEF7DA6FA4AC /* PokepediaCommon.framework */; };
		CA7A550E4234D60BB74801E9 /* Lottie.xcframework in Frameworks */ = {isa = PBXBuildFile; fileRef = B42ADDF8C0DBDA9F0A673C5E /* Lottie.xcframework */; };
		CE3D4D18209DD748C304985C /* error.json in Resources */ = {isa = PBXBuildFile; fileRef = 6491BB2BF5C47CAA0B20181C /* error.json */; };
		D5A27BD6A92E580E4DA08356 /* AboutSubViewController.swift in Sources */ = {isa = PBXBuildFile; fileRef = 95B57CE61C55C65D1D841E8C /* AboutSubViewController.swift */; };
		D7B6057FF757ABF3C6E6BCE8 /* Lottie.xcframework in Embed Frameworks */ = {isa = PBXBuildFile; fileRef = B42ADDF8C0DBDA9F0A673C5E /* Lottie.xcframework */; settings = {ATTRIBUTES = (CodeSignOnCopy, RemoveHeadersOnCopy, ); }; };
		DAFB04C1D19D544F2A32192F /* HomePokemonPresenter.swift in Sources */ = {isa = PBXBuildFile; fileRef = FF59053E386FC63CE81E03F1 /* HomePokemonPresenter.swift */; };
		DDCDD47C2E7AD1013A404A25 /* SDWebImage_SDWebImage.bundle in Dependencies */ = {isa = PBXBuildFile; fileRef = 097588629C50DB2D9CB8FE40 /* SDWebImage_SDWebImage.bundle */; };
		E1D890D9DC786631E1C2232A /* Assets.xcassets in Resources */ = {isa = PBXBuildFile; fileRef = 2AFB1102B864A5017C34A048 /* Assets.xcassets */; };
		E40C956E98AB133F182112B1 /* PokemonCollectionViewCell.swift in Sources */ = {isa = PBXBuildFile; fileRef = 3ED4B65ECD2F14391BA06C92 /* PokemonCollectionViewCell.swift */; };
		E66BCB536A0F356F1A6EB26E /* DetailPresenter.swift in Sources */ = {isa = PBXBuildFile; fileRef = 386A77147E61D1A3264B2EBF /* DetailPresenter.swift */; };
		E999CF00C352EA98D25C295F /* _LottieStub.framework in Frameworks */ = {isa = PBXBuildFile; fileRef = 464D462EB5DB40ADA1F92BE3 /* _LottieStub.framework */; };
		F8A38A99EF484FF139612BAD /* SceneDelegate.swift in Sources */ = {isa = PBXBuildFile; fileRef = 040C771303D7090F8A300FA3 /* SceneDelegate.swift */; };
		FBD26D9F6AFBEB61947BB6CF /* APICall.swift in Sources */ = {isa = PBXBuildFile; fileRef = 0E699A96AABDB6A0F18EB8CA /* APICall.swift */; };
		FCBD038655A6CE07FD2BFDDB /* FavoriteRouter.swift in Sources */ = {isa = PBXBuildFile; fileRef = BB2138AD017B86BA6EDA5F71 /* FavoriteRouter.swift */; };
/* End PBXBuildFile section */

/* Begin PBXCopyFilesBuildPhase section */
		D96F8FD9A2ACFE82BDA0EB44 /* Embed Frameworks */ = {
			isa = PBXCopyFilesBuildPhase;
			buildActionMask = 2147483647;
			dstPath = "";
			dstSubfolderSpec = 10;
			files = (
				7EA8E5505B2062B68207C736 /* Alamofire.framework in Embed Frameworks */,
				02809F4E5BDBE039940D5536 /* DGCharts.framework in Embed Frameworks */,
				55E76986EE480E744D4BEB88 /* Realm.framework in Embed Frameworks */,
				26527DE8A843CB08BF1468E9 /* RealmSwift.framework in Embed Frameworks */,
				46E72BB4B473E03B9FCBD772 /* RxSwift.framework in Embed Frameworks */,
				D7B6057FF757ABF3C6E6BCE8 /* Lottie.xcframework in Embed Frameworks */,
			);
			name = "Embed Frameworks";
			runOnlyForDeploymentPostprocessing = 0;
		};
		E7A83454ECEBACC9824C7401 /* Dependencies */ = {
			isa = PBXCopyFilesBuildPhase;
			buildActionMask = 8;
			dstSubfolderSpec = 16;
			files = (
				A271BA7457F1BCFFEB01DD49 /* PokepediaCommon_PokepediaCommon.bundle in Dependencies */,
				DDCDD47C2E7AD1013A404A25 /* SDWebImage_SDWebImage.bundle in Dependencies */,
			);
			name = Dependencies;
			runOnlyForDeploymentPostprocessing = 1;
		};
/* End PBXCopyFilesBuildPhase section */

/* Begin PBXFileReference section */
		040C771303D7090F8A300FA3 /* SceneDelegate.swift */ = {isa = PBXFileReference; lastKnownFileType = sourcecode.swift; path = SceneDelegate.swift; sourceTree = "<group>"; };
		097588629C50DB2D9CB8FE40 /* SDWebImage_SDWebImage.bundle */ = {isa = PBXFileReference; explicitFileType = wrapper.cfbundle; includeInIndex = 0; path = SDWebImage_SDWebImage.bundle; sourceTree = BUILT_PRODUCTS_DIR; };
		0E699A96AABDB6A0F18EB8CA /* APICall.swift */ = {isa = PBXFileReference; lastKnownFileType = sourcecode.swift; path = APICall.swift; sourceTree = "<group>"; };
		0EEE2CD4CFBD60C13F791B40 /* MovesTableViewCell.swift */ = {isa = PBXFileReference; lastKnownFileType = sourcecode.swift; path = MovesTableViewCell.swift; sourceTree = "<group>"; };
		1422E3CBBF7A97F650D90712 /* ViewDataConverter.swift */ = {isa = PBXFileReference; lastKnownFileType = sourcecode.swift; path = ViewDataConverter.swift; sourceTree = "<group>"; };
		1DEB688C1FCEC502B6392431 /* Realm.framework */ = {isa = PBXFileReference; explicitFileType = wrapper.framework; includeInIndex = 0; path = Realm.framework; sourceTree = BUILT_PRODUCTS_DIR; };
		20B3AC2326487DCB0757D5FD /* Pokepedia-Info.plist */ = {isa = PBXFileReference; lastKnownFileType = text.plist; path = "Pokepedia-Info.plist"; sourceTree = "<group>"; };
		279A56A62593DE118682681A /* ProfilePresenter.swift */ = {isa = PBXFileReference; lastKnownFileType = sourcecode.swift; path = ProfilePresenter.swift; sourceTree = "<group>"; };
		2AFB1102B864A5017C34A048 /* Assets.xcassets */ = {isa = PBXFileReference; lastKnownFileType = folder.assetcatalog; path = Assets.xcassets; sourceTree = "<group>"; };
		2EB1DD1D37D424E9D2419BEF /* Alamofire.framework */ = {isa = PBXFileReference; explicitFileType = wrapper.framework; includeInIndex = 0; path = Alamofire.framework; sourceTree = BUILT_PRODUCTS_DIR; };
		386A77147E61D1A3264B2EBF /* DetailPresenter.swift */ = {isa = PBXFileReference; lastKnownFileType = sourcecode.swift; path = DetailPresenter.swift; sourceTree = "<group>"; };
		3ED4B65ECD2F14391BA06C92 /* PokemonCollectionViewCell.swift */ = {isa = PBXFileReference; lastKnownFileType = sourcecode.swift; path = PokemonCollectionViewCell.swift; sourceTree = "<group>"; };
		3EFB1D5D17FB5AC92438B102 /* MovesSubViewController.swift */ = {isa = PBXFileReference; lastKnownFileType = sourcecode.swift; path = MovesSubViewController.swift; sourceTree = "<group>"; };
		45B01686D5E12A3D92233D03 /* DetailPokemonRouter.swift */ = {isa = PBXFileReference; lastKnownFileType = sourcecode.swift; path = DetailPokemonRouter.swift; sourceTree = "<group>"; };
		464D462EB5DB40ADA1F92BE3 /* _LottieStub.framework */ = {isa = PBXFileReference; explicitFileType = wrapper.framework; includeInIndex = 0; path = _LottieStub.framework; sourceTree = BUILT_PRODUCTS_DIR; };
		63A51A3F46D0864A1F19D0DE /* FavoriteTableViewCell.swift */ = {isa = PBXFileReference; lastKnownFileType = sourcecode.swift; path = FavoriteTableViewCell.swift; sourceTree = "<group>"; };
		642A50B286EEE155A27344AC /* HomeViewController.swift */ = {isa = PBXFileReference; lastKnownFileType = sourcecode.swift; path = HomeViewController.swift; sourceTree = "<group>"; };
		6491BB2BF5C47CAA0B20181C /* error.json */ = {isa = PBXFileReference; lastKnownFileType = text.json; path = error.json; sourceTree = "<group>"; };
		65621A21EAB1EF01C2A070C5 /* PokepediaSpecies.framework */ = {isa = PBXFileReference; explicitFileType = wrapper.framework; includeInIndex = 0; path = PokepediaSpecies.framework; sourceTree = BUILT_PRODUCTS_DIR; };
		6ADE58E3B856B8D9210BC417 /* PokepediaCore.framework */ = {isa = PBXFileReference; explicitFileType = wrapper.framework; includeInIndex = 0; path = PokepediaCore.framework; sourceTree = BUILT_PRODUCTS_DIR; };
		6C1CC78BDFA859FF789C34F2 /* empty.json */ = {isa = PBXFileReference; lastKnownFileType = text.json; path = empty.json; sourceTree = "<group>"; };
		719EC1B51380A14440A1176D /* TuistBundle+Pokepedia.swift */ = {isa = PBXFileReference; lastKnownFileType = sourcecode.swift; path = "TuistBundle+Pokepedia.swift"; sourceTree = "<group>"; };
		78310266BFE7CCA94C4CAC72 /* ProfileRouter.swift */ = {isa = PBXFileReference; lastKnownFileType = sourcecode.swift; path = ProfileRouter.swift; sourceTree = "<group>"; };
		8308754F7309580A6097AC56 /* AboutCellModel.swift */ = {isa = PBXFileReference; lastKnownFileType = sourcecode.swift; path = AboutCellModel.swift; sourceTree = "<group>"; };
		872B923F57CA37ED1B79B28E /* BaseStatTableViewCell.swift */ = {isa = PBXFileReference; lastKnownFileType = sourcecode.swift; path = BaseStatTableViewCell.swift; sourceTree = "<group>"; };
		951C45852F41DEB2DA260066 /* FavoritePokemonPresenter.swift */ = {isa = PBXFileReference; lastKnownFileType = sourcecode.swift; path = FavoritePokemonPresenter.swift; sourceTree = "<group>"; };
		95B57CE61C55C65D1D841E8C /* AboutSubViewController.swift */ = {isa = PBXFileReference; lastKnownFileType = sourcecode.swift; path = AboutSubViewController.swift; sourceTree = "<group>"; };
		9D0670559AB8393306AC35DD /* SDWebImage.framework */ = {isa = PBXFileReference; explicitFileType = wrapper.framework; includeInIndex = 0; path = SDWebImage.framework; sourceTree = BUILT_PRODUCTS_DIR; };
		A15D6DCAD3FDA0F0CDCAEB2C /* RxSwift.framework */ = {isa = PBXFileReference; explicitFileType = wrapper.framework; includeInIndex = 0; path = RxSwift.framework; sourceTree = BUILT_PRODUCTS_DIR; };
		A1E88A1DCE3DFEFDE7C7B2E4 /* RealmSwift.framework */ = {isa = PBXFileReference; explicitFileType = wrapper.framework; includeInIndex = 0; path = RealmSwift.framework; sourceTree = BUILT_PRODUCTS_DIR; };
		B42ADDF8C0DBDA9F0A673C5E /* Lottie.xcframework */ = {isa = PBXFileReference; expectedSignature = "SelfSigned:892F1B43047B50538F2F46EAD92900DD3D4811F3582178C061A5FB20F111CB26"; lastKnownFileType = wrapper.xcframework; path = Lottie.xcframework; sourceTree = "<group>"; };
		B4CCDF70FA08198901DAF5BA /* AppDelegate.swift */ = {isa = PBXFileReference; lastKnownFileType = sourcecode.swift; path = AppDelegate.swift; sourceTree = "<group>"; };
		B8AD5134BEDDDC2D1FFFDD6F /* DGCharts.framework */ = {isa = PBXFileReference; explicitFileType = wrapper.framework; includeInIndex = 0; path = DGCharts.framework; sourceTree = BUILT_PRODUCTS_DIR; };
		BB2138AD017B86BA6EDA5F71 /* FavoriteRouter.swift */ = {isa = PBXFileReference; lastKnownFileType = sourcecode.swift; path = FavoriteRouter.swift; sourceTree = "<group>"; };
		BB55B6677743DEF7DA6FA4AC /* PokepediaCommon.framework */ = {isa = PBXFileReference; explicitFileType = wrapper.framework; includeInIndex = 0; path = PokepediaCommon.framework; sourceTree = BUILT_PRODUCTS_DIR; };
		BE71E11ECAF9A1BCE3053298 /* HomeRouter.swift */ = {isa = PBXFileReference; lastKnownFileType = sourcecode.swift; path = HomeRouter.swift; sourceTree = "<group>"; };
		C3DA6185F30FBE6780C15457 /* Injection.swift */ = {isa = PBXFileReference; lastKnownFileType = sourcecode.swift; path = Injection.swift; sourceTree = "<group>"; };
		C53E20442AE28A6D963CEDEE /* Pokepedia.app */ = {isa = PBXFileReference; explicitFileType = wrapper.application; includeInIndex = 0; path = Pokepedia.app; sourceTree = BUILT_PRODUCTS_DIR; };
		C698A06AB6DDD802E6972E30 /* FavoriteViewController.swift */ = {isa = PBXFileReference; lastKnownFileType = sourcecode.swift; path = FavoriteViewController.swift; sourceTree = "<group>"; };
		CC2CE99C2401C2F645327831 /* PokepediaPokemon.framework */ = {isa = PBXFileReference; explicitFileType = wrapper.framework; includeInIndex = 0; path = PokepediaPokemon.framework; sourceTree = BUILT_PRODUCTS_DIR; };
		DA3871F89C6EB5985DE54C83 /* loading.json */ = {isa = PBXFileReference; lastKnownFileType = text.json; path = loading.json; sourceTree = "<group>"; };
		DC77BDC0AE86BCD848FEF8C9 /* TuistAssets+Pokepedia.swift */ = {isa = PBXFileReference; lastKnownFileType = sourcecode.swift; path = "TuistAssets+Pokepedia.swift"; sourceTree = "<group>"; };
		DD9425E3747E8816ECE5D8CF /* BaseStatSubViewController.swift */ = {isa = PBXFileReference; lastKnownFileType = sourcecode.swift; path = BaseStatSubViewController.swift; sourceTree = "<group>"; };
		E8AB2B77387F79A48A0DD187 /* AboutTableViewCell.swift */ = {isa = PBXFileReference; lastKnownFileType = sourcecode.swift; path = AboutTableViewCell.swift; sourceTree = "<group>"; };
		E94373171562E0D6EEE76B3F /* DetailPokemonViewController.swift */ = {isa = PBXFileReference; lastKnownFileType = sourcecode.swift; path = DetailPokemonViewController.swift; sourceTree = "<group>"; };
		E9817A31F8BC84D3F5118B14 /* ProfileViewController.swift */ = {isa = PBXFileReference; lastKnownFileType = sourcecode.swift; path = ProfileViewController.swift; sourceTree = "<group>"; };
		EF02EFDEB006F6838795EF03 /* PokepediaCommon_PokepediaCommon.bundle */ = {isa = PBXFileReference; explicitFileType = wrapper.cfbundle; includeInIndex = 0; path = PokepediaCommon_PokepediaCommon.bundle; sourceTree = BUILT_PRODUCTS_DIR; };
		FEBD907DC766CB43AC459A80 /* MainTabBarController.swift */ = {isa = PBXFileReference; lastKnownFileType = sourcecode.swift; path = MainTabBarController.swift; sourceTree = "<group>"; };
		FF59053E386FC63CE81E03F1 /* HomePokemonPresenter.swift */ = {isa = PBXFileReference; lastKnownFileType = sourcecode.swift; path = HomePokemonPresenter.swift; sourceTree = "<group>"; };
/* End PBXFileReference section */

/* Begin PBXFrameworksBuildPhase section */
		F94206D592395F92314DC9A5 /* Frameworks */ = {
			isa = PBXFrameworksBuildPhase;
			buildActionMask = 2147483647;
			files = (
				890605C970F1A3376DCDA65A /* Alamofire.framework in Frameworks */,
				505F9997B3C08FD7079C974E /* DGCharts.framework in Frameworks */,
				C8137C871C7098AA8543BAC7 /* PokepediaCommon.framework in Frameworks */,
				286F44F46646356CAC3ABDCA /* PokepediaCore.framework in Frameworks */,
				3443B7165AE694AB553AD9FB /* PokepediaPokemon.framework in Frameworks */,
				C49E3B91571F416072EFD31F /* PokepediaSpecies.framework in Frameworks */,
				59F6E351012CBEF91D2CC998 /* Realm.framework in Frameworks */,
				B66165C5219B1C23462F22F7 /* RealmSwift.framework in Frameworks */,
				7AA288D7C3CDFBD6E91AAFC6 /* RxSwift.framework in Frameworks */,
				27B7F8DE07331B045F8B5311 /* SDWebImage.framework in Frameworks */,
				E999CF00C352EA98D25C295F /* _LottieStub.framework in Frameworks */,
				CA7A550E4234D60BB74801E9 /* Lottie.xcframework in Frameworks */,
			);
			runOnlyForDeploymentPostprocessing = 0;
		};
/* End PBXFrameworksBuildPhase section */

/* Begin PBXGroup section */
		028A1D180DF62056CC68ADDA /* Derived */ = {
			isa = PBXGroup;
			children = (
				616FCF980528E640799F921A /* InfoPlists */,
				377F8EAC60F9F4DC80759044 /* Sources */,
			);
			path = Derived;
			sourceTree = "<group>";
		};
		03EC5FF451CCD55B08A1B9EA /* View */ = {
			isa = PBXGroup;
			children = (
				F893BAC19A4C4B92F8D44093 /* Cell */,
				642A50B286EEE155A27344AC /* HomeViewController.swift */,
			);
			path = View;
			sourceTree = "<group>";
		};
		044D2E002D2D1AF78C1E527F /* LottieAsset */ = {
			isa = PBXGroup;
			children = (
				6C1CC78BDFA859FF789C34F2 /* empty.json */,
				6491BB2BF5C47CAA0B20181C /* error.json */,
				DA3871F89C6EB5985DE54C83 /* loading.json */,
			);
			path = LottieAsset;
			sourceTree = "<group>";
		};
		0550A463E3B72D6571C954EA /* Network */ = {
			isa = PBXGroup;
			children = (
				0E699A96AABDB6A0F18EB8CA /* APICall.swift */,
			);
			path = Network;
			sourceTree = "<group>";
		};
		0A7177DB82B524ACFC804931 /* Router */ = {
			isa = PBXGroup;
			children = (
				45B01686D5E12A3D92233D03 /* DetailPokemonRouter.swift */,
			);
			path = Router;
			sourceTree = "<group>";
		};
		12B2A6D338EEA32F755B4755 /* Cell */ = {
			isa = PBXGroup;
			children = (
				63A51A3F46D0864A1F19D0DE /* FavoriteTableViewCell.swift */,
			);
			path = Cell;
			sourceTree = "<group>";
		};
		1C6CACEBFD332B0EC5532112 /* Utils */ = {
			isa = PBXGroup;
			children = (
				A31B174DEBEB864C9F01C842 /* Mapper */,
				0550A463E3B72D6571C954EA /* Network */,
			);
			path = Utils;
			sourceTree = "<group>";
		};
		2085AC334A8AB07965433BAE /* Cell */ = {
			isa = PBXGroup;
			children = (
				E8AB2B77387F79A48A0DD187 /* AboutTableViewCell.swift */,
				872B923F57CA37ED1B79B28E /* BaseStatTableViewCell.swift */,
				0EEE2CD4CFBD60C13F791B40 /* MovesTableViewCell.swift */,
			);
			path = Cell;
			sourceTree = "<group>";
		};
		20C66CED9A9901DAD9027009 /* Module */ = {
			isa = PBXGroup;
			children = (
				36A53C439498CE17DDBB1CDE /* DetailPokemon */,
				EBA040BE599CD7BAA1EF4235 /* Favorite */,
				9235DB7FE1CEA09890EDDC7D /* Home */,
				82782C035C4A7CB96A30F93A /* Profile */,
				C8D16C701730001E6FCE2BF0 /* TabBar */,
			);
			path = Module;
			sourceTree = "<group>";
		};
		2981C7A7A87DB79C9C9CFC68 /* DI */ = {
			isa = PBXGroup;
			children = (
				C3DA6185F30FBE6780C15457 /* Injection.swift */,
			);
			path = DI;
			sourceTree = "<group>";
		};
		33768FC95880318BC81CA967 /* Model */ = {
			isa = PBXGroup;
			children = (
				8308754F7309580A6097AC56 /* AboutCellModel.swift */,
			);
			path = Model;
			sourceTree = "<group>";
		};
		36A53C439498CE17DDBB1CDE /* DetailPokemon */ = {
			isa = PBXGroup;
			children = (
				AB54040D9C4CE809E6930FDF /* Presenter */,
				0A7177DB82B524ACFC804931 /* Router */,
				5469B30D6C8576FB7F17819C /* View */,
			);
			path = DetailPokemon;
			sourceTree = "<group>";
		};
		377F8EAC60F9F4DC80759044 /* Sources */ = {
			isa = PBXGroup;
			children = (
				DC77BDC0AE86BCD848FEF8C9 /* TuistAssets+Pokepedia.swift */,
				719EC1B51380A14440A1176D /* TuistBundle+Pokepedia.swift */,
			);
			path = Sources;
			sourceTree = "<group>";
		};
		4502869C420FCFE8558085AB /* Domain */ = {
			isa = PBXGroup;
			children = (
				33768FC95880318BC81CA967 /* Model */,
			);
			path = Domain;
			sourceTree = "<group>";
		};
		5469B30D6C8576FB7F17819C /* View */ = {
			isa = PBXGroup;
			children = (
				2085AC334A8AB07965433BAE /* Cell */,
				60509650719DE670C27CEBEF /* SubView */,
				E94373171562E0D6EEE76B3F /* DetailPokemonViewController.swift */,
			);
			path = View;
			sourceTree = "<group>";
		};
		54EA73DB61D05A96F448F7F2 /* Products */ = {
			isa = PBXGroup;
			children = (
				464D462EB5DB40ADA1F92BE3 /* _LottieStub.framework */,
				2EB1DD1D37D424E9D2419BEF /* Alamofire.framework */,
				B8AD5134BEDDDC2D1FFFDD6F /* DGCharts.framework */,
				C53E20442AE28A6D963CEDEE /* Pokepedia.app */,
				EF02EFDEB006F6838795EF03 /* PokepediaCommon_PokepediaCommon.bundle */,
				BB55B6677743DEF7DA6FA4AC /* PokepediaCommon.framework */,
				6ADE58E3B856B8D9210BC417 /* PokepediaCore.framework */,
				CC2CE99C2401C2F645327831 /* PokepediaPokemon.framework */,
				65621A21EAB1EF01C2A070C5 /* PokepediaSpecies.framework */,
				1DEB688C1FCEC502B6392431 /* Realm.framework */,
				A1E88A1DCE3DFEFDE7C7B2E4 /* RealmSwift.framework */,
				A15D6DCAD3FDA0F0CDCAEB2C /* RxSwift.framework */,
				097588629C50DB2D9CB8FE40 /* SDWebImage_SDWebImage.bundle */,
				9D0670559AB8393306AC35DD /* SDWebImage.framework */,
			);
			name = Products;
			sourceTree = "<group>";
		};
		5C34C1EAFAB366A0B6CEA63C /* Tuist */ = {
			isa = PBXGroup;
			children = (
				D246FCDEA5E68B66F6F80A72 /* .build */,
			);
			path = Tuist;
			sourceTree = "<group>";
		};
		60509650719DE670C27CEBEF /* SubView */ = {
			isa = PBXGroup;
			children = (
				95B57CE61C55C65D1D841E8C /* AboutSubViewController.swift */,
				DD9425E3747E8816ECE5D8CF /* BaseStatSubViewController.swift */,
				3EFB1D5D17FB5AC92438B102 /* MovesSubViewController.swift */,
			);
			path = SubView;
			sourceTree = "<group>";
		};
		616FCF980528E640799F921A /* InfoPlists */ = {
			isa = PBXGroup;
			children = (
				20B3AC2326487DCB0757D5FD /* Pokepedia-Info.plist */,
			);
			path = InfoPlists;
			sourceTree = "<group>";
		};
		633D6D7A87CB7C91F352D162 /* Sources */ = {
			isa = PBXGroup;
			children = (
				D43F365A7E71A7160CB83017 /* App */,
				CCCD44565191A43EF458F465 /* Core */,
				20C66CED9A9901DAD9027009 /* Module */,
				1C6CACEBFD332B0EC5532112 /* Utils */,
			);
			path = Sources;
			sourceTree = "<group>";
		};
		685E4F0344A0FADC8F4E2892 /* Router */ = {
			isa = PBXGroup;
			children = (
				78310266BFE7CCA94C4CAC72 /* ProfileRouter.swift */,
			);
			path = Router;
			sourceTree = "<group>";
		};
		7B50AD25240DC9C1CFEC6273 /* lottie-spm */ = {
			isa = PBXGroup;
			children = (
				7DD70277571C3B7F1B2D216E /* Lottie */,
			);
			path = "lottie-spm";
			sourceTree = "<group>";
		};
		7DD70277571C3B7F1B2D216E /* Lottie */ = {
			isa = PBXGroup;
			children = (
				B42ADDF8C0DBDA9F0A673C5E /* Lottie.xcframework */,
			);
			path = Lottie;
			sourceTree = "<group>";
		};
		81483C3DA68152B3CA4957BC /* Presenter */ = {
			isa = PBXGroup;
			children = (
				FF59053E386FC63CE81E03F1 /* HomePokemonPresenter.swift */,
			);
			path = Presenter;
			sourceTree = "<group>";
		};
		82782C035C4A7CB96A30F93A /* Profile */ = {
			isa = PBXGroup;
			children = (
				EBAD8BD0EDD128FF52894DAB /* Presenter */,
				685E4F0344A0FADC8F4E2892 /* Router */,
				AF18F4255F3C71827023B178 /* View */,
			);
			path = Profile;
			sourceTree = "<group>";
		};
		9235DB7FE1CEA09890EDDC7D /* Home */ = {
			isa = PBXGroup;
			children = (
				81483C3DA68152B3CA4957BC /* Presenter */,
				B9CAFBE8EBCF1A821D04F60D /* Router */,
				03EC5FF451CCD55B08A1B9EA /* View */,
			);
			path = Home;
			sourceTree = "<group>";
		};
		9434797AE736189293BF2C09 /* Project */ = {
			isa = PBXGroup;
			children = (
				028A1D180DF62056CC68ADDA /* Derived */,
				F9D2C6BAB1903C029DBEC7A3 /* Pokepedia */,
				5C34C1EAFAB366A0B6CEA63C /* Tuist */,
			);
			name = Project;
			sourceTree = "<group>";
		};
		9668ACD08E9499A16132158A /* Presenter */ = {
			isa = PBXGroup;
			children = (
				951C45852F41DEB2DA260066 /* FavoritePokemonPresenter.swift */,
			);
			path = Presenter;
			sourceTree = "<group>";
		};
		A31B174DEBEB864C9F01C842 /* Mapper */ = {
			isa = PBXGroup;
			children = (
				1422E3CBBF7A97F650D90712 /* ViewDataConverter.swift */,
			);
			path = Mapper;
			sourceTree = "<group>";
		};
		A8A353CEF35955DF961F20BA /* Resources */ = {
			isa = PBXGroup;
			children = (
				044D2E002D2D1AF78C1E527F /* LottieAsset */,
				2AFB1102B864A5017C34A048 /* Assets.xcassets */,
			);
			path = Resources;
			sourceTree = "<group>";
		};
		AB54040D9C4CE809E6930FDF /* Presenter */ = {
			isa = PBXGroup;
			children = (
				386A77147E61D1A3264B2EBF /* DetailPresenter.swift */,
			);
			path = Presenter;
			sourceTree = "<group>";
		};
		AF18F4255F3C71827023B178 /* View */ = {
			isa = PBXGroup;
			children = (
				E9817A31F8BC84D3F5118B14 /* ProfileViewController.swift */,
			);
			path = View;
			sourceTree = "<group>";
		};
		B7FEB85EC8CB84CDEC5E17E0 = {
			isa = PBXGroup;
			children = (
				9434797AE736189293BF2C09 /* Project */,
				54EA73DB61D05A96F448F7F2 /* Products */,
			);
			sourceTree = "<group>";
		};
		B899855257A15A53BF79B506 /* artifacts */ = {
			isa = PBXGroup;
			children = (
				7B50AD25240DC9C1CFEC6273 /* lottie-spm */,
			);
			path = artifacts;
			sourceTree = "<group>";
		};
		B9CAFBE8EBCF1A821D04F60D /* Router */ = {
			isa = PBXGroup;
			children = (
				BE71E11ECAF9A1BCE3053298 /* HomeRouter.swift */,
			);
			path = Router;
			sourceTree = "<group>";
		};
		C8D16C701730001E6FCE2BF0 /* TabBar */ = {
			isa = PBXGroup;
			children = (
				FEBD907DC766CB43AC459A80 /* MainTabBarController.swift */,
			);
			path = TabBar;
			sourceTree = "<group>";
		};
		CCCD44565191A43EF458F465 /* Core */ = {
			isa = PBXGroup;
			children = (
				2981C7A7A87DB79C9C9CFC68 /* DI */,
				4502869C420FCFE8558085AB /* Domain */,
			);
			path = Core;
			sourceTree = "<group>";
		};
		D246FCDEA5E68B66F6F80A72 /* .build */ = {
			isa = PBXGroup;
			children = (
				B899855257A15A53BF79B506 /* artifacts */,
			);
			path = .build;
			sourceTree = "<group>";
		};
		D43F365A7E71A7160CB83017 /* App */ = {
			isa = PBXGroup;
			children = (
				B4CCDF70FA08198901DAF5BA /* AppDelegate.swift */,
				040C771303D7090F8A300FA3 /* SceneDelegate.swift */,
			);
			path = App;
			sourceTree = "<group>";
		};
		EBA040BE599CD7BAA1EF4235 /* Favorite */ = {
			isa = PBXGroup;
			children = (
				9668ACD08E9499A16132158A /* Presenter */,
				FD68792000260670129F62C9 /* Router */,
				EE01E78F6D83744A63E9F457 /* View */,
				C698A06AB6DDD802E6972E30 /* FavoriteViewController.swift */,
			);
			path = Favorite;
			sourceTree = "<group>";
		};
		EBAD8BD0EDD128FF52894DAB /* Presenter */ = {
			isa = PBXGroup;
			children = (
				279A56A62593DE118682681A /* ProfilePresenter.swift */,
			);
			path = Presenter;
			sourceTree = "<group>";
		};
		EE01E78F6D83744A63E9F457 /* View */ = {
			isa = PBXGroup;
			children = (
				12B2A6D338EEA32F755B4755 /* Cell */,
			);
			path = View;
			sourceTree = "<group>";
		};
		F893BAC19A4C4B92F8D44093 /* Cell */ = {
			isa = PBXGroup;
			children = (
				3ED4B65ECD2F14391BA06C92 /* PokemonCollectionViewCell.swift */,
			);
			path = Cell;
			sourceTree = "<group>";
		};
		F9D2C6BAB1903C029DBEC7A3 /* Pokepedia */ = {
			isa = PBXGroup;
			children = (
				A8A353CEF35955DF961F20BA /* Resources */,
				633D6D7A87CB7C91F352D162 /* Sources */,
			);
			path = Pokepedia;
			sourceTree = "<group>";
		};
		FD68792000260670129F62C9 /* Router */ = {
			isa = PBXGroup;
			children = (
				BB2138AD017B86BA6EDA5F71 /* FavoriteRouter.swift */,
			);
			path = Router;
			sourceTree = "<group>";
		};
/* End PBXGroup section */

/* Begin PBXNativeTarget section */
		B95C83C9292E39270DC2763A /* Pokepedia */ = {
			isa = PBXNativeTarget;
			buildConfigurationList = 3DFE6D9AEFE9726BB2A44466 /* Build configuration list for PBXNativeTarget "Pokepedia" */;
			buildPhases = (
				FB7134D32A2CB3AE192AA4C9 /* Sources */,
				56C32219BD3621C859E26623 /* Resources */,
				D96F8FD9A2ACFE82BDA0EB44 /* Embed Frameworks */,
				F94206D592395F92314DC9A5 /* Frameworks */,
				E7A83454ECEBACC9824C7401 /* Dependencies */,
			);
			buildRules = (
			);
			dependencies = (
			);
			name = Pokepedia;
			productName = Pokepedia;
			productReference = C53E20442AE28A6D963CEDEE /* Pokepedia.app */;
			productType = "com.apple.product-type.application";
		};
/* End PBXNativeTarget section */

/* Begin PBXProject section */
		3ED491A3768D1D26FEE3C943 /* Project object */ = {
			isa = PBXProject;
			attributes = {
				BuildIndependentTargetsInParallel = YES;
			};
			buildConfigurationList = A6C55B93A981E2F5C848E6E4 /* Build configuration list for PBXProject "Pokepedia" */;
			compatibilityVersion = "Xcode 14.0";
			developmentRegion = en;
			hasScannedForEncodings = 0;
			knownRegions = (
				Base,
				en,
			);
			mainGroup = B7FEB85EC8CB84CDEC5E17E0;
			productRefGroup = 54EA73DB61D05A96F448F7F2 /* Products */;
			projectDirPath = "";
			projectRoot = "";
			targets = (
				B95C83C9292E39270DC2763A /* Pokepedia */,
			);
		};
/* End PBXProject section */

/* Begin PBXResourcesBuildPhase section */
		56C32219BD3621C859E26623 /* Resources */ = {
			isa = PBXResourcesBuildPhase;
			buildActionMask = 2147483647;
			files = (
				E1D890D9DC786631E1C2232A /* Assets.xcassets in Resources */,
				BDDCEA35F9DB850256FA91B8 /* empty.json in Resources */,
				CE3D4D18209DD748C304985C /* error.json in Resources */,
				2EFAB67FC7B41712E6EFCF3A /* loading.json in Resources */,
				6A5F2959319DE03114EA16FF /* PokepediaCommon_PokepediaCommon.bundle in Resources */,
				AF75ACEC5E608C5E9EECF630 /* SDWebImage_SDWebImage.bundle in Resources */,
			);
			runOnlyForDeploymentPostprocessing = 0;
		};
/* End PBXResourcesBuildPhase section */

/* Begin PBXSourcesBuildPhase section */
		FB7134D32A2CB3AE192AA4C9 /* Sources */ = {
			isa = PBXSourcesBuildPhase;
			buildActionMask = 2147483647;
			files = (
				AD1DD035C787725903A8BAC0 /* TuistAssets+Pokepedia.swift in Sources */,
				608C40B895590D465F41EAB2 /* TuistBundle+Pokepedia.swift in Sources */,
				AEB44CD79980E129A298512F /* AppDelegate.swift in Sources */,
				F8A38A99EF484FF139612BAD /* SceneDelegate.swift in Sources */,
				7EE793537D64B92265638CFB /* Injection.swift in Sources */,
				20B73511DBFAAC69CF42C6FD /* AboutCellModel.swift in Sources */,
				E66BCB536A0F356F1A6EB26E /* DetailPresenter.swift in Sources */,
				24C91E507283FB17984C1BFB /* DetailPokemonRouter.swift in Sources */,
				99BB2C1E6469DF3FA0DEFE66 /* AboutTableViewCell.swift in Sources */,
				13B802C95323D3CF5E5E22C3 /* BaseStatTableViewCell.swift in Sources */,
				488B516CED554A0834AF6B46 /* MovesTableViewCell.swift in Sources */,
				C7F4A981425C044AB804AE61 /* DetailPokemonViewController.swift in Sources */,
				D5A27BD6A92E580E4DA08356 /* AboutSubViewController.swift in Sources */,
				AEF1A7375B276D0766BDC304 /* BaseStatSubViewController.swift in Sources */,
				36F8B8D1EA0D4F270059F3BB /* MovesSubViewController.swift in Sources */,
				3CAF35FB51DB58D75C108D67 /* FavoriteViewController.swift in Sources */,
				9B83765E08621F5427065FD4 /* FavoritePokemonPresenter.swift in Sources */,
				FCBD038655A6CE07FD2BFDDB /* FavoriteRouter.swift in Sources */,
				1F823D1C5CEB3138FA105EEE /* FavoriteTableViewCell.swift in Sources */,
				DAFB04C1D19D544F2A32192F /* HomePokemonPresenter.swift in Sources */,
				AA4C736F251C1BA8D8CAAFFA /* HomeRouter.swift in Sources */,
				E40C956E98AB133F182112B1 /* PokemonCollectionViewCell.swift in Sources */,
				76A8F2043C0DE41004B5A542 /* HomeViewController.swift in Sources */,
				598D3D4EE211D790E0596612 /* ProfilePresenter.swift in Sources */,
				8B06A881BD017D51EA4DD011 /* ProfileRouter.swift in Sources */,
				6536F2D9BBAECB4F4D5F45DB /* ProfileViewController.swift in Sources */,
				2215DD77324049ACFC618E58 /* MainTabBarController.swift in Sources */,
				22B51CE7B7F43C0632115BDD /* ViewDataConverter.swift in Sources */,
				FBD26D9F6AFBEB61947BB6CF /* APICall.swift in Sources */,
			);
			runOnlyForDeploymentPostprocessing = 0;
		};
/* End PBXSourcesBuildPhase section */

/* Begin XCBuildConfiguration section */
		78F1018DD7DBAE6D08FB61D4 /* Debug */ = {
			isa = XCBuildConfiguration;
			buildSettings = {
				ALWAYS_SEARCH_USER_PATHS = NO;
				CLANG_ANALYZER_LOCALIZABILITY_NONLOCALIZED = YES;
				CLANG_ANALYZER_NONNULL = YES;
				CLANG_ANALYZER_NUMBER_OBJECT_CONVERSION = YES_AGGRESSIVE;
				CLANG_CXX_LANGUAGE_STANDARD = "gnu++14";
				CLANG_CXX_LIBRARY = "libc++";
				CLANG_ENABLE_MODULES = YES;
				CLANG_ENABLE_OBJC_ARC = YES;
				CLANG_ENABLE_OBJC_WEAK = YES;
				CLANG_WARN_BLOCK_CAPTURE_AUTORELEASING = YES;
				CLANG_WARN_BOOL_CONVERSION = YES;
				CLANG_WARN_COMMA = YES;
				CLANG_WARN_CONSTANT_CONVERSION = YES;
				CLANG_WARN_DEPRECATED_OBJC_IMPLEMENTATIONS = YES;
				CLANG_WARN_DIRECT_OBJC_ISA_USAGE = YES_ERROR;
				CLANG_WARN_DOCUMENTATION_COMMENTS = YES;
				CLANG_WARN_EMPTY_BODY = YES;
				CLANG_WARN_ENUM_CONVERSION = YES;
				CLANG_WARN_INFINITE_RECURSION = YES;
				CLANG_WARN_INT_CONVERSION = YES;
				CLANG_WARN_NON_LITERAL_NULL_CONVERSION = YES;
				CLANG_WARN_OBJC_IMPLICIT_RETAIN_SELF = YES;
				CLANG_WARN_OBJC_LITERAL_CONVERSION = YES;
				CLANG_WARN_OBJC_ROOT_CLASS = YES_ERROR;
				CLANG_WARN_QUOTED_INCLUDE_IN_FRAMEWORK_HEADER = YES;
				CLANG_WARN_RANGE_LOOP_ANALYSIS = YES;
				CLANG_WARN_STRICT_PROTOTYPES = YES;
				CLANG_WARN_SUSPICIOUS_MOVE = YES;
				CLANG_WARN_UNGUARDED_AVAILABILITY = YES_AGGRESSIVE;
				CLANG_WARN_UNREACHABLE_CODE = YES;
				CLANG_WARN__DUPLICATE_METHOD_MATCH = YES;
				COPY_PHASE_STRIP = NO;
				DEAD_CODE_STRIPPING = YES;
				DEBUG_INFORMATION_FORMAT = dwarf;
				ENABLE_STRICT_OBJC_MSGSEND = YES;
				ENABLE_TESTABILITY = YES;
				GCC_C_LANGUAGE_STANDARD = gnu11;
				GCC_DYNAMIC_NO_PIC = NO;
				GCC_NO_COMMON_BLOCKS = YES;
				GCC_OPTIMIZATION_LEVEL = 0;
				GCC_PREPROCESSOR_DEFINITIONS = (
					"DEBUG=1",
					"$(inherited)",
				);
				GCC_WARN_64_TO_32_BIT_CONVERSION = YES;
				GCC_WARN_ABOUT_RETURN_TYPE = YES_ERROR;
				GCC_WARN_UNDECLARED_SELECTOR = YES;
				GCC_WARN_UNINITIALIZED_AUTOS = YES_AGGRESSIVE;
				GCC_WARN_UNUSED_FUNCTION = YES;
				GCC_WARN_UNUSED_VARIABLE = YES;
				MTL_ENABLE_DEBUG_INFO = YES;
				ONLY_ACTIVE_ARCH = YES;
				PRODUCT_NAME = "$(TARGET_NAME)";
			};
			name = Debug;
		};
		8611EC4BACE869B8ABFFAC92 /* Release */ = {
			isa = XCBuildConfiguration;
			buildSettings = {
				ALWAYS_SEARCH_USER_PATHS = NO;
				CLANG_ANALYZER_LOCALIZABILITY_NONLOCALIZED = YES;
				CLANG_ANALYZER_NONNULL = YES;
				CLANG_ANALYZER_NUMBER_OBJECT_CONVERSION = YES_AGGRESSIVE;
				CLANG_CXX_LANGUAGE_STANDARD = "gnu++14";
				CLANG_CXX_LIBRARY = "libc++";
				CLANG_ENABLE_MODULES = YES;
				CLANG_ENABLE_OBJC_ARC = YES;
				CLANG_ENABLE_OBJC_WEAK = YES;
				CLANG_WARN_BLOCK_CAPTURE_AUTORELEASING = YES;
				CLANG_WARN_BOOL_CONVERSION = YES;
				CLANG_WARN_COMMA = YES;
				CLANG_WARN_CONSTANT_CONVERSION = YES;
				CLANG_WARN_DEPRECATED_OBJC_IMPLEMENTATIONS = YES;
				CLANG_WARN_DIRECT_OBJC_ISA_USAGE = YES_ERROR;
				CLANG_WARN_DOCUMENTATION_COMMENTS = YES;
				CLANG_WARN_EMPTY_BODY = YES;
				CLANG_WARN_ENUM_CONVERSION = YES;
				CLANG_WARN_INFINITE_RECURSION = YES;
				CLANG_WARN_INT_CONVERSION = YES;
				CLANG_WARN_NON_LITERAL_NULL_CONVERSION = YES;
				CLANG_WARN_OBJC_IMPLICIT_RETAIN_SELF = YES;
				CLANG_WARN_OBJC_LITERAL_CONVERSION = YES;
				CLANG_WARN_OBJC_ROOT_CLASS = YES_ERROR;
				CLANG_WARN_QUOTED_INCLUDE_IN_FRAMEWORK_HEADER = YES;
				CLANG_WARN_RANGE_LOOP_ANALYSIS = YES;
				CLANG_WARN_STRICT_PROTOTYPES = YES;
				CLANG_WARN_SUSPICIOUS_MOVE = YES;
				CLANG_WARN_UNGUARDED_AVAILABILITY = YES_AGGRESSIVE;
				CLANG_WARN_UNREACHABLE_CODE = YES;
				CLANG_WARN__DUPLICATE_METHOD_MATCH = YES;
				COPY_PHASE_STRIP = NO;
				DEAD_CODE_STRIPPING = YES;
				DEBUG_INFORMATION_FORMAT = "dwarf-with-dsym";
				ENABLE_NS_ASSERTIONS = NO;
				ENABLE_STRICT_OBJC_MSGSEND = YES;
				GCC_C_LANGUAGE_STANDARD = gnu11;
				GCC_NO_COMMON_BLOCKS = YES;
				GCC_WARN_64_TO_32_BIT_CONVERSION = YES;
				GCC_WARN_ABOUT_RETURN_TYPE = YES_ERROR;
				GCC_WARN_UNDECLARED_SELECTOR = YES;
				GCC_WARN_UNINITIALIZED_AUTOS = YES_AGGRESSIVE;
				GCC_WARN_UNUSED_FUNCTION = YES;
				GCC_WARN_UNUSED_VARIABLE = YES;
				MTL_ENABLE_DEBUG_INFO = NO;
				PRODUCT_NAME = "$(TARGET_NAME)";
				VALIDATE_PRODUCT = YES;
			};
			name = Release;
		};
		B7B6CA1F77B7C33CC4BE15EA /* Debug */ = {
			isa = XCBuildConfiguration;
			buildSettings = {
				ASSETCATALOG_COMPILER_APPICON_NAME = AppIcon;
				CODE_SIGN_IDENTITY = "iPhone Developer";
				ENABLE_PREVIEWS = YES;
				FRAMEWORK_SEARCH_PATHS = (
					"$(inherited)",
					"$(SRCROOT)/Tuist/.build/artifacts/lottie-spm/Lottie",
				);
				HEADER_SEARCH_PATHS = (
					"$(inherited)",
					"$(inherited)",
					"$(SRCROOT)/Tuist/.build/checkouts/SDWebImage/SDWebImage/Core",
					"$(SRCROOT)/Tuist/.build/checkouts/SDWebImage/SDWebImage/Private",
					"$(SRCROOT)/Tuist/.build/checkouts/SDWebImage/SDWebImage/include",
					"$(SRCROOT)/Tuist/.build/checkouts/realm-core/src",
					"$(SRCROOT)/Tuist/.build/checkouts/realm-core/src/external",
					"$(SRCROOT)/Tuist/.build/checkouts/realm-core/src/external/IntelRDFPMathLib20U2/LIBRARY/src",
					"$(SRCROOT)/Tuist/.build/checkouts/realm-core/src/external/s2",
					"$(SRCROOT)/Tuist/.build/checkouts/realm-swift",
					"$(SRCROOT)/Tuist/.build/checkouts/realm-swift/include",
				);
				INFOPLIST_FILE = "Derived/InfoPlists/Pokepedia-Info.plist";
				LD_RUNPATH_SEARCH_PATHS = (
					"$(inherited)",
					"@executable_path/Frameworks",
				);
				OTHER_CFLAGS = (
					"$(inherited)",
					"-fmodule-map-file=$(SRCROOT)/Tuist/.build/checkouts/realm-core/src/module.modulemap",
					"-fmodule-map-file=$(SRCROOT)/Tuist/.build/checkouts/realm-swift/include/module.modulemap",
					"-fmodule-map-file=$(SRCROOT)/Tuist/.build/tuist-derived/Bid/Bid.modulemap",
					"-fmodule-map-file=$(SRCROOT)/Tuist/.build/tuist-derived/SDWebImage/SDWebImage.modulemap",
					"-fmodule-map-file=$(SRCROOT)/Tuist/.build/tuist-derived/s2geometry/s2geometry.modulemap",
				);
				OTHER_LDFLAGS = "-ObjC";
				OTHER_SWIFT_FLAGS = "$(inherited) -Xcc -fmodule-map-file=$(SRCROOT)/Tuist/.build/checkouts/realm-core/src/module.modulemap -Xcc -fmodule-map-file=$(SRCROOT)/Tuist/.build/checkouts/realm-swift/include/module.modulemap -Xcc -fmodule-map-file=$(SRCROOT)/Tuist/.build/tuist-derived/Bid/Bid.modulemap -Xcc -fmodule-map-file=$(SRCROOT)/Tuist/.build/tuist-derived/SDWebImage/SDWebImage.modulemap -Xcc -fmodule-map-file=$(SRCROOT)/Tuist/.build/tuist-derived/s2geometry/s2geometry.modulemap";
				PRODUCT_BUNDLE_IDENTIFIER = com.rivaldofez.pokepedia;
				PRODUCT_NAME = Pokepedia;
				SDKROOT = iphoneos;
				SUPPORTS_MACCATALYST = NO;
				SUPPORTS_MAC_DESIGNED_FOR_IPHONE_IPAD = YES;
				SUPPORTS_XR_DESIGNED_FOR_IPHONE_IPAD = NO;
				SWIFT_ACTIVE_COMPILATION_CONDITIONS = "$(inherited) DEBUG";
				SWIFT_COMPILATION_MODE = singlefile;
				SWIFT_OPTIMIZATION_LEVEL = "-Onone";
				SWIFT_VERSION = 5.0;
				TARGETED_DEVICE_FAMILY = "1,2";
			};
			name = Debug;
		};
		D6AA54CEA93EEEDDEB778EBE /* Release */ = {
			isa = XCBuildConfiguration;
			buildSettings = {
				ASSETCATALOG_COMPILER_APPICON_NAME = AppIcon;
				CODE_SIGN_IDENTITY = "iPhone Developer";
				ENABLE_PREVIEWS = YES;
				FRAMEWORK_SEARCH_PATHS = (
					"$(inherited)",
					"$(SRCROOT)/Tuist/.build/artifacts/lottie-spm/Lottie",
				);
				HEADER_SEARCH_PATHS = (
					"$(inherited)",
					"$(inherited)",
					"$(SRCROOT)/Tuist/.build/checkouts/SDWebImage/SDWebImage/Core",
					"$(SRCROOT)/Tuist/.build/checkouts/SDWebImage/SDWebImage/Private",
					"$(SRCROOT)/Tuist/.build/checkouts/SDWebImage/SDWebImage/include",
					"$(SRCROOT)/Tuist/.build/checkouts/realm-core/src",
					"$(SRCROOT)/Tuist/.build/checkouts/realm-core/src/external",
					"$(SRCROOT)/Tuist/.build/checkouts/realm-core/src/external/IntelRDFPMathLib20U2/LIBRARY/src",
					"$(SRCROOT)/Tuist/.build/checkouts/realm-core/src/external/s2",
					"$(SRCROOT)/Tuist/.build/checkouts/realm-swift",
					"$(SRCROOT)/Tuist/.build/checkouts/realm-swift/include",
				);
				INFOPLIST_FILE = "Derived/InfoPlists/Pokepedia-Info.plist";
				LD_RUNPATH_SEARCH_PATHS = (
					"$(inherited)",
					"@executable_path/Frameworks",
				);
				OTHER_CFLAGS = (
					"$(inherited)",
					"-fmodule-map-file=$(SRCROOT)/Tuist/.build/checkouts/realm-core/src/module.modulemap",
					"-fmodule-map-file=$(SRCROOT)/Tuist/.build/checkouts/realm-swift/include/module.modulemap",
					"-fmodule-map-file=$(SRCROOT)/Tuist/.build/tuist-derived/Bid/Bid.modulemap",
					"-fmodule-map-file=$(SRCROOT)/Tuist/.build/tuist-derived/SDWebImage/SDWebImage.modulemap",
					"-fmodule-map-file=$(SRCROOT)/Tuist/.build/tuist-derived/s2geometry/s2geometry.modulemap",
				);
				OTHER_LDFLAGS = "-ObjC";
				OTHER_SWIFT_FLAGS = "$(inherited) -Xcc -fmodule-map-file=$(SRCROOT)/Tuist/.build/checkouts/realm-core/src/module.modulemap -Xcc -fmodule-map-file=$(SRCROOT)/Tuist/.build/checkouts/realm-swift/include/module.modulemap -Xcc -fmodule-map-file=$(SRCROOT)/Tuist/.build/tuist-derived/Bid/Bid.modulemap -Xcc -fmodule-map-file=$(SRCROOT)/Tuist/.build/tuist-derived/SDWebImage/SDWebImage.modulemap -Xcc -fmodule-map-file=$(SRCROOT)/Tuist/.build/tuist-derived/s2geometry/s2geometry.modulemap";
				PRODUCT_BUNDLE_IDENTIFIER = com.rivaldofez.pokepedia;
				PRODUCT_NAME = Pokepedia;
				SDKROOT = iphoneos;
				SUPPORTS_MACCATALYST = NO;
				SUPPORTS_MAC_DESIGNED_FOR_IPHONE_IPAD = YES;
				SUPPORTS_XR_DESIGNED_FOR_IPHONE_IPAD = NO;
				SWIFT_COMPILATION_MODE = wholemodule;
				SWIFT_OPTIMIZATION_LEVEL = "-Owholemodule";
				SWIFT_VERSION = 5.0;
				TARGETED_DEVICE_FAMILY = "1,2";
			};
			name = Release;
		};
/* End XCBuildConfiguration section */

/* Begin XCConfigurationList section */
		3DFE6D9AEFE9726BB2A44466 /* Build configuration list for PBXNativeTarget "Pokepedia" */ = {
			isa = XCConfigurationList;
			buildConfigurations = (
				B7B6CA1F77B7C33CC4BE15EA /* Debug */,
				D6AA54CEA93EEEDDEB778EBE /* Release */,
			);
			defaultConfigurationIsVisible = 0;
			defaultConfigurationName = Release;
		};
		A6C55B93A981E2F5C848E6E4 /* Build configuration list for PBXProject "Pokepedia" */ = {
			isa = XCConfigurationList;
			buildConfigurations = (
				78F1018DD7DBAE6D08FB61D4 /* Debug */,
				8611EC4BACE869B8ABFFAC92 /* Release */,
			);
			defaultConfigurationIsVisible = 0;
			defaultConfigurationName = Release;
		};
/* End XCConfigurationList section */
	};
	rootObject = 3ED491A3768D1D26FEE3C943 /* Project object */;
}
